
Microsoft Visual Studio Solution File, Format Version 12.00
# Visual Studio Version 17
VisualStudioVersion = 17.8.34330.188
MinimumVisualStudioVersion = 10.0.40219.1
Project("{FAE04EC0-301F-11D3-BF4B-00C04F79EFBC}") = "minecraftloctool", "minecraftloctool.csproj", "{5E5EB047-B38C-4BC5-B005-5994C864C2FE}"
EndProject
Global
	GlobalSection(SolutionConfigurationPlatforms) = preSolution
		Debug|Any CPU = Debug|Any CPU
		Release|Any CPU = Release|Any CPU
	EndGlobalSection
	GlobalSection(ProjectConfigurationPlatforms) = postSolution
		{5E5EB047-B38C-4BC5-B005-5994C864C2FE}.Debug|Any CPU.ActiveCfg = Debug|Any CPU
		{5E5EB047-B38C-4BC5-B005-5994C864C2FE}.Debug|Any CPU.Build.0 = Debug|Any CPU
		{5E5EB047-B38C-4BC5-B005-5994C864C2FE}.Release|Any CPU.ActiveCfg = Release|Any CPU
		{5E5EB047-B38C-4BC5-B005-5994C864C2FE}.Release|Any CPU.Build.0 = Release|Any CPU
	EndGlobalSection
	GlobalSection(SolutionProperties) = preSolution
		HideSolutionNode = FALSE
	EndGlobalSection
	GlobalSection(ExtensibilityGlobals) = postSolution
		SolutionGuid = {B2343676-ED54-40FE-82CA-2C4BF78B75A0}
	EndGlobalSection
EndGlobal
